PODS:
  - Alamofire (3.3.1)
  - OMGHTTPURLRQ (3.1.1):
    - OMGHTTPURLRQ/RQ (= 3.1.1)
  - OMGHTTPURLRQ/FormURLEncode (3.1.1)
  - OMGHTTPURLRQ/RQ (3.1.1):
    - OMGHTTPURLRQ/FormURLEncode
    - OMGHTTPURLRQ/UserAgent
  - OMGHTTPURLRQ/UserAgent (3.1.1)
  - PromiseKit (3.1.0):
    - PromiseKit/Foundation (= 3.1.0)
    - PromiseKit/QuartzCore (= 3.1.0)
    - PromiseKit/UIKit (= 3.1.0)
  - PromiseKit/CorePromise (3.1.0)
  - PromiseKit/Foundation (3.1.0):
    - OMGHTTPURLRQ (~> 3.1.0)
    - PromiseKit/CorePromise
  - PromiseKit/QuartzCore (3.1.0):
    - PromiseKit/CorePromise
  - PromiseKit/UIKit (3.1.0):
    - PromiseKit/CorePromise
  - SwiftyJSON (2.3.2)

DEPENDENCIES:
  - Alamofire (= 3.3.1)
  - PromiseKit (= 3.1.0)
  - SwiftyJSON (= 2.3.2)

SPEC CHECKSUMS:
  Alamofire: 369bc67b6f5ac33ded3648d7bd21c5bfb91c2ecc
  OMGHTTPURLRQ: 633f98ee745aeda02345935a52eec1784cddb589
  PromiseKit: 7ed2a3fc5217695305a55a8c47cb3a17ff5fde0d
  SwiftyJSON: 04ccea08915aa0109039157c7974cf0298da292a

PODFILE CHECKSUM: 94b08d9b251a93387ff72120a9eedbf830069852

COCOAPODS: 1.0.0.rc.2
